
Microsoft Visual Studio Solution File, Format Version 12.00
# Visual Studio Version 17
VisualStudioVersion = 17.11.35327.3
MinimumVisualStudioVersion = 10.0.40219.1
Project("{8BC9CEB8-8B4A-11D0-8D11-00A0C91BC942}") = "三子棋", "三子棋.vcxproj", "{28EE20EE-58F4-4AB4-90BA-38D9FA855919}"
EndProject
Global
	GlobalSection(SolutionConfigurationPlatforms) = preSolution
		Debug|x64 = Debug|x64
		Debug|x86 = Debug|x86
		Release|x64 = Release|x64
		Release|x86 = Release|x86
	EndGlobalSection
	GlobalSection(ProjectConfigurationPlatforms) = postSolution
		{28EE20EE-58F4-4AB4-90BA-38D9FA855919}.Debug|x64.ActiveCfg = Debug|x64
		{28EE20EE-58F4-4AB4-90BA-38D9FA855919}.Debug|x64.Build.0 = Debug|x64
		{28EE20EE-58F4-4AB4-90BA-38D9FA855919}.Debug|x86.ActiveCfg = Debug|Win32
		{28EE20EE-58F4-4AB4-90BA-38D9FA855919}.Debug|x86.Build.0 = Debug|Win32
		{28EE20EE-58F4-4AB4-90BA-38D9FA855919}.Release|x64.ActiveCfg = Release|x64
		{28EE20EE-58F4-4AB4-90BA-38D9FA855919}.Release|x64.Build.0 = Release|x64
		{28EE20EE-58F4-4AB4-90BA-38D9FA855919}.Release|x86.ActiveCfg = Release|Win32
		{28EE20EE-58F4-4AB4-90BA-38D9FA855919}.Release|x86.Build.0 = Release|Win32
	EndGlobalSection
	GlobalSection(SolutionProperties) = preSolution
		HideSolutionNode = FALSE
	EndGlobalSection
	GlobalSection(ExtensibilityGlobals) = postSolution
		SolutionGuid = {4F52C8F2-86F2-4BD3-94DD-C66F1B4ABDF4}
	EndGlobalSection
EndGlobal
